# This file was autogenerated by uv via the following command:
#    uv pip compile pyproject.toml -o requirements.lock
annotated-types==0.7.0
    # via pydantic
anyio==4.14.1
    # via
    #   httpx
    #   openai
certifi==2026.6.17
    # via
    #   httpcore
    #   httpx
    #   requests
charset-normalizer==3.4.7
    # via requests
click==8.4.2
    # via prism-agent (pyproject.toml)
colorama==0.4.6
    # via
    #   click
    #   tqdm
distro==1.9.0
    # via openai
h11==0.16.0
    # via httpcore
httpcore==1.0.9
    # via httpx
httpx==0.28.1
    # via
    #   prism-agent (pyproject.toml)
    #   lark-oapi
    #   openai
idna==3.18
    # via
    #   anyio
    #   httpx
    #   requests
jiter==0.16.0
    # via openai
lark-oapi==1.7.0
    # via prism-agent (pyproject.toml)
markdown-it-py==4.2.0
    # via rich
mdurl==0.1.2
    # via markdown-it-py
openai==1.109.1
    # via prism-agent (pyproject.toml)
prompt-toolkit==3.0.52
    # via prism-agent (pyproject.toml)
pycryptodome==3.23.0
    # via lark-oapi
pydantic==2.13.4
    # via openai
pydantic-core==2.46.4
    # via pydantic
pygments==2.20.0
    # via rich
python-dotenv==1.2.2
    # via prism-agent (pyproject.toml)
pyyaml==6.0.3
    # via prism-agent (pyproject.toml)
requests==2.34.2
    # via
    #   prism-agent (pyproject.toml)
    #   lark-oapi
    #   requests-toolbelt
requests-toolbelt==1.0.0
    # via lark-oapi
rich==13.9.4
    # via prism-agent (pyproject.toml)
sniffio==1.3.1
    # via openai
tqdm==4.68.3
    # via openai
typing-extensions==4.16.0
    # via
    #   anyio
    #   openai
    #   pydantic
    #   pydantic-core
    #   typing-inspection
typing-inspection==0.4.2
    # via pydantic
urllib3==2.7.0
    # via requests
wcwidth==0.8.2
    # via prompt-toolkit
websockets==14.2
    # via
    #   prism-agent (pyproject.toml)
    #   lark-oapi
